
Microsoft Visual Studio Solution File, Format Version 12.00
# Visual Studio Version 16
VisualStudioVersion = 16.0.29215.179
MinimumVisualStudioVersion = 10.0.40219.1
Project("{FAE04EC0-301F-11D3-BF4B-00C04F79EFBC}") = "Trabalho", "Trabalho\Trabalho.csproj", "{29CCE347-FD8D-4968-89B8-16D3924D6B73}"
EndProject
Global
	GlobalSection(SolutionConfigurationPlatforms) = preSolution
		Debug|Any CPU = Debug|Any CPU
		Release|Any CPU = Release|Any CPU
	EndGlobalSection
	GlobalSection(ProjectConfigurationPlatforms) = postSolution
		{29CCE347-FD8D-4968-89B8-16D3924D6B73}.Debug|Any CPU.ActiveCfg = Debug|Any CPU
		{29CCE347-FD8D-4968-89B8-16D3924D6B73}.Debug|Any CPU.Build.0 = Debug|Any CPU
		{29CCE347-FD8D-4968-89B8-16D3924D6B73}.Release|Any CPU.ActiveCfg = Release|Any CPU
		{29CCE347-FD8D-4968-89B8-16D3924D6B73}.Release|Any CPU.Build.0 = Release|Any CPU
	EndGlobalSection
	GlobalSection(SolutionProperties) = preSolution
		HideSolutionNode = FALSE
	EndGlobalSection
	GlobalSection(ExtensibilityGlobals) = postSolution
		SolutionGuid = {AFAD6377-C0EB-47D1-9A12-D65B30B30398}
	EndGlobalSection
EndGlobal
